
Microsoft Visual Studio Solution File, Format Version 12.00
# Visual Studio Version 17
VisualStudioVersion = 17.9.34728.123
MinimumVisualStudioVersion = 10.0.40219.1
Project("{9A19103F-16F7-4668-BE54-9A1E7A4F7556}") = "KontrolarCloud", "KontrolarCloud.csproj", "{8D9A44D0-F83B-4654-A803-F3B084BAF064}"
EndProject
Project("{9A19103F-16F7-4668-BE54-9A1E7A4F7556}") = "EF", "..\EF\EF.csproj", "{76ABA5FE-6FEB-40E2-BC60-ECE31966F1D0}"
EndProject
Project("{9A19103F-16F7-4668-BE54-9A1E7A4F7556}") = "Core", "..\Core\Core.csproj", "{DC07AC64-B07B-42BD-A07F-8388BA976196}"
EndProject
Project("{FAE04EC0-301F-11D3-BF4B-00C04F79EFBC}") = "UnitTests", "..\UnitTests\UnitTests.csproj", "{EC821673-88B0-499A-A734-7B8E768C6B29}"
EndProject
Global
	GlobalSection(SolutionConfigurationPlatforms) = preSolution
		Debug|Any CPU = Debug|Any CPU
		Release|Any CPU = Release|Any CPU
	EndGlobalSection
	GlobalSection(ProjectConfigurationPlatforms) = postSolution
		{8D9A44D0-F83B-4654-A803-F3B084BAF064}.Debug|Any CPU.ActiveCfg = Debug|Any CPU
		{8D9A44D0-F83B-4654-A803-F3B084BAF064}.Debug|Any CPU.Build.0 = Debug|Any CPU
		{8D9A44D0-F83B-4654-A803-F3B084BAF064}.Release|Any CPU.ActiveCfg = Release|Any CPU
		{8D9A44D0-F83B-4654-A803-F3B084BAF064}.Release|Any CPU.Build.0 = Release|Any CPU
		{76ABA5FE-6FEB-40E2-BC60-ECE31966F1D0}.Debug|Any CPU.ActiveCfg = Debug|Any CPU
		{76ABA5FE-6FEB-40E2-BC60-ECE31966F1D0}.Debug|Any CPU.Build.0 = Debug|Any CPU
		{76ABA5FE-6FEB-40E2-BC60-ECE31966F1D0}.Release|Any CPU.ActiveCfg = Release|Any CPU
		{76ABA5FE-6FEB-40E2-BC60-ECE31966F1D0}.Release|Any CPU.Build.0 = Release|Any CPU
		{DC07AC64-B07B-42BD-A07F-8388BA976196}.Debug|Any CPU.ActiveCfg = Debug|Any CPU
		{DC07AC64-B07B-42BD-A07F-8388BA976196}.Debug|Any CPU.Build.0 = Debug|Any CPU
		{DC07AC64-B07B-42BD-A07F-8388BA976196}.Release|Any CPU.ActiveCfg = Release|Any CPU
		{DC07AC64-B07B-42BD-A07F-8388BA976196}.Release|Any CPU.Build.0 = Release|Any CPU
		{EC821673-88B0-499A-A734-7B8E768C6B29}.Debug|Any CPU.ActiveCfg = Debug|Any CPU
		{EC821673-88B0-499A-A734-7B8E768C6B29}.Debug|Any CPU.Build.0 = Debug|Any CPU
		{EC821673-88B0-499A-A734-7B8E768C6B29}.Release|Any CPU.ActiveCfg = Release|Any CPU
		{EC821673-88B0-499A-A734-7B8E768C6B29}.Release|Any CPU.Build.0 = Release|Any CPU
	EndGlobalSection
	GlobalSection(SolutionProperties) = preSolution
		HideSolutionNode = FALSE
	EndGlobalSection
	GlobalSection(ExtensibilityGlobals) = postSolution
		SolutionGuid = {8FA821CA-6EBD-444A-85E7-D6646A8CBE5B}
	EndGlobalSection
EndGlobal
